
Microsoft Visual Studio Solution File, Format Version 12.00
# Visual Studio Version 17
VisualStudioVersion = 17.7.34024.191
MinimumVisualStudioVersion = 10.0.40219.1
Project("{8BC9CEB8-8B4A-11D0-8D11-00A0C91BC942}") = "Wiktorek", "Wiktorek\Wiktorek.vcxproj", "{8332D88A-50D0-4B17-B425-2723FBD4DA45}"
EndProject
Project("{2150E333-8FDC-42A3-9474-1A3956D46DE8}") = "0.1_podstawy", "0.1_podstawy", "{0B6358AB-7AB8-4E09-9D92-1122B033817E}"
EndProject
Project("{2150E333-8FDC-42A3-9474-1A3956D46DE8}") = "0.2_intrukcje_decyzyjne", "0.2_intrukcje_decyzyjne", "{7AC7AA33-20F0-4861-93FB-A573C7DF9118}"
EndProject
Project("{8BC9CEB8-8B4A-11D0-8D11-00A0C91BC942}") = "instruction_if", "instruction_if\instruction_if.vcxproj", "{619A8335-CB40-4F8E-920C-7EC847E5766B}"
EndProject
Project("{8BC9CEB8-8B4A-11D0-8D11-00A0C91BC942}") = "intruction_loop", "petle_for\petle_for.vcxproj", "{DA25FFF3-EA06-448B-8E91-499CA6983ECA}"
EndProject
Project("{2150E333-8FDC-42A3-9474-1A3956D46DE8}") = "0.3_collections", "0.3_collections", "{4F013C6D-EB4F-4532-A855-7200DE70434F}"
EndProject
Project("{8BC9CEB8-8B4A-11D0-8D11-00A0C91BC942}") = "string_console_app", "string_console_app\string_console_app.vcxproj", "{AB3A01AD-E024-4E68-8032-D0237E566B22}"
EndProject
Project("{2150E333-8FDC-42A3-9474-1A3956D46DE8}") = "0.4_array", "0.4_array", "{244A8BC7-5116-43DD-BC0E-37E80287305D}"
EndProject
Project("{8BC9CEB8-8B4A-11D0-8D11-00A0C91BC942}") = "array_console_application", "array_console_application\array_console_application.vcxproj", "{B3952286-B78A-44A0-9965-8D5FFAEF74A1}"
EndProject
Project("{2150E333-8FDC-42A3-9474-1A3956D46DE8}") = "0.5_structure", "0.5_structure", "{0D97FBED-DDC4-4993-BD3C-AC3FEE43E591}"
EndProject
Project("{8BC9CEB8-8B4A-11D0-8D11-00A0C91BC942}") = "struct_console_application", "struct_console_application\struct_console_application.vcxproj", "{A061D57D-27F2-4DF6-93AE-0102C4E9AE04}"
EndProject
Project("{2150E333-8FDC-42A3-9474-1A3956D46DE8}") = "programowanie_struktualne", "programowanie_struktualne", "{461DF066-6CC4-4DEB-A21A-958E0C1B6093}"
EndProject
Project("{2150E333-8FDC-42A3-9474-1A3956D46DE8}") = "programowanie_obiektowe", "programowanie_obiektowe", "{8432298C-0295-43A5-8075-0C8EC1CEFD8A}"
EndProject
Project("{8BC9CEB8-8B4A-11D0-8D11-00A0C91BC942}") = "FirstObjectConsoleApplication.cpp", "FirstObjectConsoleApplication.cpp\FirstObjectConsoleApplication.cpp.vcxproj", "{98AEE073-E524-478B-8F0A-FBD05E40318C}"
EndProject
Global
	GlobalSection(SolutionConfigurationPlatforms) = preSolution
		Debug|x64 = Debug|x64
		Debug|x86 = Debug|x86
		Release|x64 = Release|x64
		Release|x86 = Release|x86
	EndGlobalSection
	GlobalSection(ProjectConfigurationPlatforms) = postSolution
		{8332D88A-50D0-4B17-B425-2723FBD4DA45}.Debug|x64.ActiveCfg = Debug|x64
		{8332D88A-50D0-4B17-B425-2723FBD4DA45}.Debug|x64.Build.0 = Debug|x64
		{8332D88A-50D0-4B17-B425-2723FBD4DA45}.Debug|x86.ActiveCfg = Debug|Win32
		{8332D88A-50D0-4B17-B425-2723FBD4DA45}.Debug|x86.Build.0 = Debug|Win32
		{8332D88A-50D0-4B17-B425-2723FBD4DA45}.Release|x64.ActiveCfg = Release|x64
		{8332D88A-50D0-4B17-B425-2723FBD4DA45}.Release|x64.Build.0 = Release|x64
		{8332D88A-50D0-4B17-B425-2723FBD4DA45}.Release|x86.ActiveCfg = Release|Win32
		{8332D88A-50D0-4B17-B425-2723FBD4DA45}.Release|x86.Build.0 = Release|Win32
		{619A8335-CB40-4F8E-920C-7EC847E5766B}.Debug|x64.ActiveCfg = Debug|x64
		{619A8335-CB40-4F8E-920C-7EC847E5766B}.Debug|x64.Build.0 = Debug|x64
		{619A8335-CB40-4F8E-920C-7EC847E5766B}.Debug|x86.ActiveCfg = Debug|Win32
		{619A8335-CB40-4F8E-920C-7EC847E5766B}.Debug|x86.Build.0 = Debug|Win32
		{619A8335-CB40-4F8E-920C-7EC847E5766B}.Release|x64.ActiveCfg = Release|x64
		{619A8335-CB40-4F8E-920C-7EC847E5766B}.Release|x64.Build.0 = Release|x64
		{619A8335-CB40-4F8E-920C-7EC847E5766B}.Release|x86.ActiveCfg = Release|Win32
		{619A8335-CB40-4F8E-920C-7EC847E5766B}.Release|x86.Build.0 = Release|Win32
		{DA25FFF3-EA06-448B-8E91-499CA6983ECA}.Debug|x64.ActiveCfg = Debug|x64
		{DA25FFF3-EA06-448B-8E91-499CA6983ECA}.Debug|x64.Build.0 = Debug|x64
		{DA25FFF3-EA06-448B-8E91-499CA6983ECA}.Debug|x86.ActiveCfg = Debug|Win32
		{DA25FFF3-EA06-448B-8E91-499CA6983ECA}.Debug|x86.Build.0 = Debug|Win32
		{DA25FFF3-EA06-448B-8E91-499CA6983ECA}.Release|x64.ActiveCfg = Release|x64
		{DA25FFF3-EA06-448B-8E91-499CA6983ECA}.Release|x64.Build.0 = Release|x64
		{DA25FFF3-EA06-448B-8E91-499CA6983ECA}.Release|x86.ActiveCfg = Release|Win32
		{DA25FFF3-EA06-448B-8E91-499CA6983ECA}.Release|x86.Build.0 = Release|Win32
		{AB3A01AD-E024-4E68-8032-D0237E566B22}.Debug|x64.ActiveCfg = Debug|x64
		{AB3A01AD-E024-4E68-8032-D0237E566B22}.Debug|x64.Build.0 = Debug|x64
		{AB3A01AD-E024-4E68-8032-D0237E566B22}.Debug|x86.ActiveCfg = Debug|Win32
		{AB3A01AD-E024-4E68-8032-D0237E566B22}.Debug|x86.Build.0 = Debug|Win32
		{AB3A01AD-E024-4E68-8032-D0237E566B22}.Release|x64.ActiveCfg = Release|x64
		{AB3A01AD-E024-4E68-8032-D0237E566B22}.Release|x64.Build.0 = Release|x64
		{AB3A01AD-E024-4E68-8032-D0237E566B22}.Release|x86.ActiveCfg = Release|Win32
		{AB3A01AD-E024-4E68-8032-D0237E566B22}.Release|x86.Build.0 = Release|Win32
		{B3952286-B78A-44A0-9965-8D5FFAEF74A1}.Debug|x64.ActiveCfg = Debug|x64
		{B3952286-B78A-44A0-9965-8D5FFAEF74A1}.Debug|x64.Build.0 = Debug|x64
		{B3952286-B78A-44A0-9965-8D5FFAEF74A1}.Debug|x86.ActiveCfg = Debug|Win32
		{B3952286-B78A-44A0-9965-8D5FFAEF74A1}.Debug|x86.Build.0 = Debug|Win32
		{B3952286-B78A-44A0-9965-8D5FFAEF74A1}.Release|x64.ActiveCfg = Release|x64
		{B3952286-B78A-44A0-9965-8D5FFAEF74A1}.Release|x64.Build.0 = Release|x64
		{B3952286-B78A-44A0-9965-8D5FFAEF74A1}.Release|x86.ActiveCfg = Release|Win32
		{B3952286-B78A-44A0-9965-8D5FFAEF74A1}.Release|x86.Build.0 = Release|Win32
		{A061D57D-27F2-4DF6-93AE-0102C4E9AE04}.Debug|x64.ActiveCfg = Debug|x64
		{A061D57D-27F2-4DF6-93AE-0102C4E9AE04}.Debug|x64.Build.0 = Debug|x64
		{A061D57D-27F2-4DF6-93AE-0102C4E9AE04}.Debug|x86.ActiveCfg = Debug|Win32
		{A061D57D-27F2-4DF6-93AE-0102C4E9AE04}.Debug|x86.Build.0 = Debug|Win32
		{A061D57D-27F2-4DF6-93AE-0102C4E9AE04}.Release|x64.ActiveCfg = Release|x64
		{A061D57D-27F2-4DF6-93AE-0102C4E9AE04}.Release|x64.Build.0 = Release|x64
		{A061D57D-27F2-4DF6-93AE-0102C4E9AE04}.Release|x86.ActiveCfg = Release|Win32
		{A061D57D-27F2-4DF6-93AE-0102C4E9AE04}.Release|x86.Build.0 = Release|Win32
		{98AEE073-E524-478B-8F0A-FBD05E40318C}.Debug|x64.ActiveCfg = Debug|x64
		{98AEE073-E524-478B-8F0A-FBD05E40318C}.Debug|x64.Build.0 = Debug|x64
		{98AEE073-E524-478B-8F0A-FBD05E40318C}.Debug|x86.ActiveCfg = Debug|Win32
		{98AEE073-E524-478B-8F0A-FBD05E40318C}.Debug|x86.Build.0 = Debug|Win32
		{98AEE073-E524-478B-8F0A-FBD05E40318C}.Release|x64.ActiveCfg = Release|x64
		{98AEE073-E524-478B-8F0A-FBD05E40318C}.Release|x64.Build.0 = Release|x64
		{98AEE073-E524-478B-8F0A-FBD05E40318C}.Release|x86.ActiveCfg = Release|Win32
		{98AEE073-E524-478B-8F0A-FBD05E40318C}.Release|x86.Build.0 = Release|Win32
	EndGlobalSection
	GlobalSection(SolutionProperties) = preSolution
		HideSolutionNode = FALSE
	EndGlobalSection
	GlobalSection(NestedProjects) = preSolution
		{8332D88A-50D0-4B17-B425-2723FBD4DA45} = {0B6358AB-7AB8-4E09-9D92-1122B033817E}
		{0B6358AB-7AB8-4E09-9D92-1122B033817E} = {461DF066-6CC4-4DEB-A21A-958E0C1B6093}
		{7AC7AA33-20F0-4861-93FB-A573C7DF9118} = {461DF066-6CC4-4DEB-A21A-958E0C1B6093}
		{619A8335-CB40-4F8E-920C-7EC847E5766B} = {7AC7AA33-20F0-4861-93FB-A573C7DF9118}
		{DA25FFF3-EA06-448B-8E91-499CA6983ECA} = {7AC7AA33-20F0-4861-93FB-A573C7DF9118}
		{4F013C6D-EB4F-4532-A855-7200DE70434F} = {461DF066-6CC4-4DEB-A21A-958E0C1B6093}
		{AB3A01AD-E024-4E68-8032-D0237E566B22} = {4F013C6D-EB4F-4532-A855-7200DE70434F}
		{244A8BC7-5116-43DD-BC0E-37E80287305D} = {461DF066-6CC4-4DEB-A21A-958E0C1B6093}
		{B3952286-B78A-44A0-9965-8D5FFAEF74A1} = {244A8BC7-5116-43DD-BC0E-37E80287305D}
		{0D97FBED-DDC4-4993-BD3C-AC3FEE43E591} = {461DF066-6CC4-4DEB-A21A-958E0C1B6093}
		{A061D57D-27F2-4DF6-93AE-0102C4E9AE04} = {0D97FBED-DDC4-4993-BD3C-AC3FEE43E591}
		{98AEE073-E524-478B-8F0A-FBD05E40318C} = {8432298C-0295-43A5-8075-0C8EC1CEFD8A}
	EndGlobalSection
	GlobalSection(ExtensibilityGlobals) = postSolution
		SolutionGuid = {0B7E434B-9EF3-4DA2-8739-85C18FD9915D}
	EndGlobalSection
EndGlobal
